
Microsoft Visual Studio Solution File, Format Version 12.00
Project("{FAE04EC0-301F-11D3-BF4B-00C04F79EFBC}") = "Vives_Bank_Net", "Vives_Bank_Net\Vives_Bank_Net.csproj", "{C6B1960F-2C1C-409F-B35C-C62C6AE7F8CD}"
EndProject
Global
	GlobalSection(SolutionConfigurationPlatforms) = preSolution
		Debug|Any CPU = Debug|Any CPU
		Release|Any CPU = Release|Any CPU
	EndGlobalSection
	GlobalSection(ProjectConfigurationPlatforms) = postSolution
		{C6B1960F-2C1C-409F-B35C-C62C6AE7F8CD}.Debug|Any CPU.ActiveCfg = Debug|Any CPU
		{C6B1960F-2C1C-409F-B35C-C62C6AE7F8CD}.Debug|Any CPU.Build.0 = Debug|Any CPU
		{C6B1960F-2C1C-409F-B35C-C62C6AE7F8CD}.Release|Any CPU.ActiveCfg = Release|Any CPU
		{C6B1960F-2C1C-409F-B35C-C62C6AE7F8CD}.Release|Any CPU.Build.0 = Release|Any CPU
	EndGlobalSection
EndGlobal
